// !$*UTF8*$!
{
	archiveVersion = 1;
	classes = {
	};
	objectVersion = 56;
	objects = {

/* Begin PBXBuildFile section */
		06012B522A7406D80035D840 /* Hike.swift in Sources */ = {isa = PBXBuildFile; fileRef = 06012B512A7406D80035D840 /* Hike.swift */; };
		06012B542A75409B0035D840 /* GraphCapsule.swift in Sources */ = {isa = PBXBuildFile; fileRef = 06012B532A75409B0035D840 /* GraphCapsule.swift */; };
		06012B562A7542610035D840 /* HikeGraph.swift in Sources */ = {isa = PBXBuildFile; fileRef = 06012B552A7542610035D840 /* HikeGraph.swift */; };
		0617393E2A72A53100429AF8 /* RotateBadgeSymbol.swift in Sources */ = {isa = PBXBuildFile; fileRef = 0617393D2A72A53100429AF8 /* RotateBadgeSymbol.swift */; };
		061E6B762A789D9D00A120B2 /* CategoryHome.swift in Sources */ = {isa = PBXBuildFile; fileRef = 061E6B752A789D9D00A120B2 /* CategoryHome.swift */; };
		061E6B782A79472400A120B2 /* CategoryRow.swift in Sources */ = {isa = PBXBuildFile; fileRef = 061E6B772A79472400A120B2 /* CategoryRow.swift */; };
		061E6B7A2A7A1ACC00A120B2 /* CategoryItem.swift in Sources */ = {isa = PBXBuildFile; fileRef = 061E6B792A7A1ACC00A120B2 /* CategoryItem.swift */; };
		061E6B7C2A7B2C5F00A120B2 /* ContentView.swift in Sources */ = {isa = PBXBuildFile; fileRef = 061E6B7B2A7B2C5F00A120B2 /* ContentView.swift */; };
		062423E12A73F3D90091E041 /* Badge.swift in Sources */ = {isa = PBXBuildFile; fileRef = 062423E02A73F3D90091E041 /* Badge.swift */; };
		062842C42A716B02005B83BD /* BadgeSymbol.swift in Sources */ = {isa = PBXBuildFile; fileRef = 062842C32A716B02005B83BD /* BadgeSymbol.swift */; };
		065783FC2A6F86B200649847 /* Landmark.swift in Sources */ = {isa = PBXBuildFile; fileRef = 065783FB2A6F86B200649847 /* Landmark.swift */; };
		065783FE2A6F8D4700649847 /* Data.swift in Sources */ = {isa = PBXBuildFile; fileRef = 065783FD2A6F8D4700649847 /* Data.swift */; };
		065784002A6FA45600649847 /* LandmarkRow.swift in Sources */ = {isa = PBXBuildFile; fileRef = 065783FF2A6FA45600649847 /* LandmarkRow.swift */; };
		065784022A6FA87900649847 /* LandmarkList.swift in Sources */ = {isa = PBXBuildFile; fileRef = 065784012A6FA87900649847 /* LandmarkList.swift */; };
		065784112A6FB31E00649847 /* chilkoottrail.jpg in Resources */ = {isa = PBXBuildFile; fileRef = 065784032A6FB31900649847 /* chilkoottrail.jpg */; };
		065784122A6FB31E00649847 /* turtlerock.jpg in Resources */ = {isa = PBXBuildFile; fileRef = 065784042A6FB31A00649847 /* turtlerock.jpg */; };
		065784132A6FB31E00649847 /* silversalmoncreek.jpg in Resources */ = {isa = PBXBuildFile; fileRef = 065784052A6FB31A00649847 /* silversalmoncreek.jpg */; };
		065784142A6FB31E00649847 /* rainbowlake.jpg in Resources */ = {isa = PBXBuildFile; fileRef = 065784062A6FB31A00649847 /* rainbowlake.jpg */; };
		065784152A6FB31E00649847 /* chincoteague.jpg in Resources */ = {isa = PBXBuildFile; fileRef = 065784072A6FB31B00649847 /* chincoteague.jpg */; };
		065784162A6FB31E00649847 /* hikeData.json in Resources */ = {isa = PBXBuildFile; fileRef = 065784082A6FB31B00649847 /* hikeData.json */; };
		065784172A6FB31E00649847 /* icybay.jpg in Resources */ = {isa = PBXBuildFile; fileRef = 065784092A6FB31B00649847 /* icybay.jpg */; };
		065784182A6FB31E00649847 /* charleyrivers.jpg in Resources */ = {isa = PBXBuildFile; fileRef = 0657840A2A6FB31C00649847 /* charleyrivers.jpg */; };
		065784192A6FB31E00649847 /* landmarkData.json in Resources */ = {isa = PBXBuildFile; fileRef = 0657840B2A6FB31C00649847 /* landmarkData.json */; };
		0657841A2A6FB31E00649847 /* twinlake.jpg in Resources */ = {isa = PBXBuildFile; fileRef = 0657840C2A6FB31C00649847 /* twinlake.jpg */; };
		0657841B2A6FB31E00649847 /* stmarylake.jpg in Resources */ = {isa = PBXBuildFile; fileRef = 0657840D2A6FB31D00649847 /* stmarylake.jpg */; };
		0657841C2A6FB31E00649847 /* lakemcdonald.jpg in Resources */ = {isa = PBXBuildFile; fileRef = 0657840E2A6FB31D00649847 /* lakemcdonald.jpg */; };
		0657841D2A6FB31E00649847 /* umbagog.jpg in Resources */ = {isa = PBXBuildFile; fileRef = 0657840F2A6FB31D00649847 /* umbagog.jpg */; };
		0657841E2A6FB31E00649847 /* hiddenlake.jpg in Resources */ = {isa = PBXBuildFile; fileRef = 065784102A6FB31E00649847 /* hiddenlake.jpg */; };
		065784212A700FF400649847 /* UserData.swift in Sources */ = {isa = PBXBuildFile; fileRef = 065784202A700FF400649847 /* UserData.swift */; };
		066B31E82A70FB8800274FA4 /* BadgeBackground.swift in Sources */ = {isa = PBXBuildFile; fileRef = 066B31E72A70FB8800274FA4 /* BadgeBackground.swift */; };
		066B31EA2A70FE0100274FA4 /* HexagonParameters.swift in Sources */ = {isa = PBXBuildFile; fileRef = 066B31E92A70FE0100274FA4 /* HexagonParameters.swift */; };
		068FC2372A7E6EC900AF075B /* ProfileSummary.swift in Sources */ = {isa = PBXBuildFile; fileRef = 068FC2362A7E6EC900AF075B /* ProfileSummary.swift */; };
		068FC2392A7E852200AF075B /* HikeBudge.swift in Sources */ = {isa = PBXBuildFile; fileRef = 068FC2382A7E852100AF075B /* HikeBudge.swift */; };
		068FC23B2A80645800AF075B /* ProfileEditor.swift in Sources */ = {isa = PBXBuildFile; fileRef = 068FC23A2A80645800AF075B /* ProfileEditor.swift */; };
		069380652A77A68700F7170F /* HikeDetail.swift in Sources */ = {isa = PBXBuildFile; fileRef = 069380642A77A68700F7170F /* HikeDetail.swift */; };
		069380672A77B02900F7170F /* HikeView.swift in Sources */ = {isa = PBXBuildFile; fileRef = 069380662A77B02900F7170F /* HikeView.swift */; };
		0698740C2A7BF5A900E2DF4A /* Profile.swift in Sources */ = {isa = PBXBuildFile; fileRef = 0698740B2A7BF5A900E2DF4A /* Profile.swift */; };
		0698740E2A7BF7AB00E2DF4A /* ProfileHost.swift in Sources */ = {isa = PBXBuildFile; fileRef = 0698740D2A7BF7AB00E2DF4A /* ProfileHost.swift */; };
		06F17D742A6E5D0700C16F10 /* LamdmarksApp.swift in Sources */ = {isa = PBXBuildFile; fileRef = 06F17D732A6E5D0700C16F10 /* LamdmarksApp.swift */; };
		06F17D762A6E5D0700C16F10 /* LandmarkDetail.swift in Sources */ = {isa = PBXBuildFile; fileRef = 06F17D752A6E5D0700C16F10 /* LandmarkDetail.swift */; };
		06F17D782A6E5D0B00C16F10 /* Assets.xcassets in Resources */ = {isa = PBXBuildFile; fileRef = 06F17D772A6E5D0B00C16F10 /* Assets.xcassets */; };
		06F17D7B2A6E5D0B00C16F10 /* Preview Assets.xcassets in Resources */ = {isa = PBXBuildFile; fileRef = 06F17D7A2A6E5D0B00C16F10 /* Preview Assets.xcassets */; };
		06F17D7D2A6E5D0C00C16F10 /* Persistence.swift in Sources */ = {isa = PBXBuildFile; fileRef = 06F17D7C2A6E5D0C00C16F10 /* Persistence.swift */; };
		06F17D802A6E5D0C00C16F10 /* Lamdmarks.xcdatamodeld in Sources */ = {isa = PBXBuildFile; fileRef = 06F17D7E2A6E5D0C00C16F10 /* Lamdmarks.xcdatamodeld */; };
		06F17D8A2A6E5D0D00C16F10 /* LamdmarksTests.swift in Sources */ = {isa = PBXBuildFile; fileRef = 06F17D892A6E5D0D00C16F10 /* LamdmarksTests.swift */; };
		06F17D942A6E5D0D00C16F10 /* LamdmarksUITests.swift in Sources */ = {isa = PBXBuildFile; fileRef = 06F17D932A6E5D0D00C16F10 /* LamdmarksUITests.swift */; };
		06F17D962A6E5D0D00C16F10 /* LamdmarksUITestsLaunchTests.swift in Sources */ = {isa = PBXBuildFile; fileRef = 06F17D952A6E5D0D00C16F10 /* LamdmarksUITestsLaunchTests.swift */; };
		06F17DA32A6E5F6700C16F10 /* turtlerock@2x.jpg in Resources */ = {isa = PBXBuildFile; fileRef = 06F17DA22A6E5F6600C16F10 /* turtlerock@2x.jpg */; };
		06F17DA52A6E5FC600C16F10 /* CircleImage.swift in Sources */ = {isa = PBXBuildFile; fileRef = 06F17DA42A6E5FC600C16F10 /* CircleImage.swift */; };
		06F17DA72A6E617400C16F10 /* MapView.swift in Sources */ = {isa = PBXBuildFile; fileRef = 06F17DA62A6E617400C16F10 /* MapView.swift */; };
/* End PBXBuildFile section */

/* Begin PBXContainerItemProxy section */
		06F17D862A6E5D0D00C16F10 /* PBXContainerItemProxy */ = {
			isa = PBXContainerItemProxy;
			containerPortal = 06F17D682A6E5D0700C16F10 /* Project object */;
			proxyType = 1;
			remoteGlobalIDString = 06F17D6F2A6E5D0700C16F10;
			remoteInfo = Lamdmarks;
		};
		06F17D902A6E5D0D00C16F10 /* PBXContainerItemProxy */ = {
			isa = PBXContainerItemProxy;
			containerPortal = 06F17D682A6E5D0700C16F10 /* Project object */;
			proxyType = 1;
			remoteGlobalIDString = 06F17D6F2A6E5D0700C16F10;
			remoteInfo = Lamdmarks;
		};
/* End PBXContainerItemProxy section */

/* Begin PBXFileReference section */
		06012B512A7406D80035D840 /* Hike.swift */ = {isa = PBXFileReference; lastKnownFileType = sourcecode.swift; path = Hike.swift; sourceTree = "<group>"; };
		06012B532A75409B0035D840 /* GraphCapsule.swift */ = {isa = PBXFileReference; lastKnownFileType = sourcecode.swift; path = GraphCapsule.swift; sourceTree = "<group>"; };
		06012B552A7542610035D840 /* HikeGraph.swift */ = {isa = PBXFileReference; lastKnownFileType = sourcecode.swift; path = HikeGraph.swift; sourceTree = "<group>"; };
		0617393D2A72A53100429AF8 /* RotateBadgeSymbol.swift */ = {isa = PBXFileReference; lastKnownFileType = sourcecode.swift; path = RotateBadgeSymbol.swift; sourceTree = "<group>"; };
		061E6B752A789D9D00A120B2 /* CategoryHome.swift */ = {isa = PBXFileReference; lastKnownFileType = sourcecode.swift; path = CategoryHome.swift; sourceTree = "<group>"; };
		061E6B772A79472400A120B2 /* CategoryRow.swift */ = {isa = PBXFileReference; lastKnownFileType = sourcecode.swift; path = CategoryRow.swift; sourceTree = "<group>"; };
		061E6B792A7A1ACC00A120B2 /* CategoryItem.swift */ = {isa = PBXFileReference; lastKnownFileType = sourcecode.swift; path = CategoryItem.swift; sourceTree = "<group>"; };
		061E6B7B2A7B2C5F00A120B2 /* ContentView.swift */ = {isa = PBXFileReference; lastKnownFileType = sourcecode.swift; path = ContentView.swift; sourceTree = "<group>"; };
		062423E02A73F3D90091E041 /* Badge.swift */ = {isa = PBXFileReference; lastKnownFileType = sourcecode.swift; path = Badge.swift; sourceTree = "<group>"; };
		062842C32A716B02005B83BD /* BadgeSymbol.swift */ = {isa = PBXFileReference; lastKnownFileType = sourcecode.swift; path = BadgeSymbol.swift; sourceTree = "<group>"; };
		065783FB2A6F86B200649847 /* Landmark.swift */ = {isa = PBXFileReference; lastKnownFileType = sourcecode.swift; path = Landmark.swift; sourceTree = "<group>"; };
		065783FD2A6F8D4700649847 /* Data.swift */ = {isa = PBXFileReference; lastKnownFileType = sourcecode.swift; path = Data.swift; sourceTree = "<group>"; };
		065783FF2A6FA45600649847 /* LandmarkRow.swift */ = {isa = PBXFileReference; lastKnownFileType = sourcecode.swift; path = LandmarkRow.swift; sourceTree = "<group>"; };
		065784012A6FA87900649847 /* LandmarkList.swift */ = {isa = PBXFileReference; lastKnownFileType = sourcecode.swift; path = LandmarkList.swift; sourceTree = "<group>"; };
		065784032A6FB31900649847 /* chilkoottrail.jpg */ = {isa = PBXFileReference; lastKnownFileType = image.jpeg; path = chilkoottrail.jpg; sourceTree = "<group>"; };
		065784042A6FB31A00649847 /* turtlerock.jpg */ = {isa = PBXFileReference; lastKnownFileType = image.jpeg; path = turtlerock.jpg; sourceTree = "<group>"; };
		065784052A6FB31A00649847 /* silversalmoncreek.jpg */ = {isa = PBXFileReference; lastKnownFileType = image.jpeg; path = silversalmoncreek.jpg; sourceTree = "<group>"; };
		065784062A6FB31A00649847 /* rainbowlake.jpg */ = {isa = PBXFileReference; lastKnownFileType = image.jpeg; path = rainbowlake.jpg; sourceTree = "<group>"; };
		065784072A6FB31B00649847 /* chincoteague.jpg */ = {isa = PBXFileReference; lastKnownFileType = image.jpeg; path = chincoteague.jpg; sourceTree = "<group>"; };
		065784082A6FB31B00649847 /* hikeData.json */ = {isa = PBXFileReference; fileEncoding = 4; lastKnownFileType = text.json; path = hikeData.json; sourceTree = "<group>"; };
		065784092A6FB31B00649847 /* icybay.jpg */ = {isa = PBXFileReference; lastKnownFileType = image.jpeg; path = icybay.jpg; sourceTree = "<group>"; };
		0657840A2A6FB31C00649847 /* charleyrivers.jpg */ = {isa = PBXFileReference; lastKnownFileType = image.jpeg; path = charleyrivers.jpg; sourceTree = "<group>"; };
		0657840B2A6FB31C00649847 /* landmarkData.json */ = {isa = PBXFileReference; fileEncoding = 4; lastKnownFileType = text.json; path = landmarkData.json; sourceTree = "<group>"; };
		0657840C2A6FB31C00649847 /* twinlake.jpg */ = {isa = PBXFileReference; lastKnownFileType = image.jpeg; path = twinlake.jpg; sourceTree = "<group>"; };
		0657840D2A6FB31D00649847 /* stmarylake.jpg */ = {isa = PBXFileReference; lastKnownFileType = image.jpeg; path = stmarylake.jpg; sourceTree = "<group>"; };
		0657840E2A6FB31D00649847 /* lakemcdonald.jpg */ = {isa = PBXFileReference; lastKnownFileType = image.jpeg; path = lakemcdonald.jpg; sourceTree = "<group>"; };
		0657840F2A6FB31D00649847 /* umbagog.jpg */ = {isa = PBXFileReference; lastKnownFileType = image.jpeg; path = umbagog.jpg; sourceTree = "<group>"; };
		065784102A6FB31E00649847 /* hiddenlake.jpg */ = {isa = PBXFileReference; lastKnownFileType = image.jpeg; path = hiddenlake.jpg; sourceTree = "<group>"; };
		065784202A700FF400649847 /* UserData.swift */ = {isa = PBXFileReference; lastKnownFileType = sourcecode.swift; path = UserData.swift; sourceTree = "<group>"; };
		066B31E72A70FB8800274FA4 /* BadgeBackground.swift */ = {isa = PBXFileReference; lastKnownFileType = sourcecode.swift; path = BadgeBackground.swift; sourceTree = "<group>"; };
		066B31E92A70FE0100274FA4 /* HexagonParameters.swift */ = {isa = PBXFileReference; lastKnownFileType = sourcecode.swift; path = HexagonParameters.swift; sourceTree = "<group>"; };
		068FC2362A7E6EC900AF075B /* ProfileSummary.swift */ = {isa = PBXFileReference; lastKnownFileType = sourcecode.swift; path = ProfileSummary.swift; sourceTree = "<group>"; };
		068FC2382A7E852100AF075B /* HikeBudge.swift */ = {isa = PBXFileReference; lastKnownFileType = sourcecode.swift; path = HikeBudge.swift; sourceTree = "<group>"; };
		068FC23A2A80645800AF075B /* ProfileEditor.swift */ = {isa = PBXFileReference; lastKnownFileType = sourcecode.swift; path = ProfileEditor.swift; sourceTree = "<group>"; };
		069380642A77A68700F7170F /* HikeDetail.swift */ = {isa = PBXFileReference; lastKnownFileType = sourcecode.swift; path = HikeDetail.swift; sourceTree = "<group>"; };
		069380662A77B02900F7170F /* HikeView.swift */ = {isa = PBXFileReference; lastKnownFileType = sourcecode.swift; path = HikeView.swift; sourceTree = "<group>"; };
		0698740B2A7BF5A900E2DF4A /* Profile.swift */ = {isa = PBXFileReference; lastKnownFileType = sourcecode.swift; path = Profile.swift; sourceTree = "<group>"; };
		0698740D2A7BF7AB00E2DF4A /* ProfileHost.swift */ = {isa = PBXFileReference; lastKnownFileType = sourcecode.swift; path = ProfileHost.swift; sourceTree = "<group>"; };
		06F17D702A6E5D0700C16F10 /* Lamdmarks.app */ = {isa = PBXFileReference; explicitFileType = wrapper.application; includeInIndex = 0; path = Lamdmarks.app; sourceTree = BUILT_PRODUCTS_DIR; };
		06F17D732A6E5D0700C16F10 /* LamdmarksApp.swift */ = {isa = PBXFileReference; lastKnownFileType = sourcecode.swift; path = LamdmarksApp.swift; sourceTree = "<group>"; };
		06F17D752A6E5D0700C16F10 /* LandmarkDetail.swift */ = {isa = PBXFileReference; lastKnownFileType = sourcecode.swift; path = LandmarkDetail.swift; sourceTree = "<group>"; };
		06F17D772A6E5D0B00C16F10 /* Assets.xcassets */ = {isa = PBXFileReference; lastKnownFileType = folder.assetcatalog; path = Assets.xcassets; sourceTree = "<group>"; };
		06F17D7A2A6E5D0B00C16F10 /* Preview Assets.xcassets */ = {isa = PBXFileReference; lastKnownFileType = folder.assetcatalog; path = "Preview Assets.xcassets"; sourceTree = "<group>"; };
		06F17D7C2A6E5D0C00C16F10 /* Persistence.swift */ = {isa = PBXFileReference; lastKnownFileType = sourcecode.swift; path = Persistence.swift; sourceTree = "<group>"; };
		06F17D7F2A6E5D0C00C16F10 /* Lamdmarks.xcdatamodel */ = {isa = PBXFileReference; lastKnownFileType = wrapper.xcdatamodel; path = Lamdmarks.xcdatamodel; sourceTree = "<group>"; };
		06F17D852A6E5D0D00C16F10 /* LamdmarksTests.xctest */ = {isa = PBXFileReference; explicitFileType = wrapper.cfbundle; includeInIndex = 0; path = LamdmarksTests.xctest; sourceTree = BUILT_PRODUCTS_DIR; };
		06F17D892A6E5D0D00C16F10 /* LamdmarksTests.swift */ = {isa = PBXFileReference; lastKnownFileType = sourcecode.swift; path = LamdmarksTests.swift; sourceTree = "<group>"; };
		06F17D8F2A6E5D0D00C16F10 /* LamdmarksUITests.xctest */ = {isa = PBXFileReference; explicitFileType = wrapper.cfbundle; includeInIndex = 0; path = LamdmarksUITests.xctest; sourceTree = BUILT_PRODUCTS_DIR; };
		06F17D932A6E5D0D00C16F10 /* LamdmarksUITests.swift */ = {isa = PBXFileReference; lastKnownFileType = sourcecode.swift; path = LamdmarksUITests.swift; sourceTree = "<group>"; };
		06F17D952A6E5D0D00C16F10 /* LamdmarksUITestsLaunchTests.swift */ = {isa = PBXFileReference; lastKnownFileType = sourcecode.swift; path = LamdmarksUITestsLaunchTests.swift; sourceTree = "<group>"; };
		06F17DA22A6E5F6600C16F10 /* turtlerock@2x.jpg */ = {isa = PBXFileReference; lastKnownFileType = image.jpeg; path = "turtlerock@2x.jpg"; sourceTree = "<group>"; };
		06F17DA42A6E5FC600C16F10 /* CircleImage.swift */ = {isa = PBXFileReference; lastKnownFileType = sourcecode.swift; path = CircleImage.swift; sourceTree = "<group>"; };
		06F17DA62A6E617400C16F10 /* MapView.swift */ = {isa = PBXFileReference; lastKnownFileType = sourcecode.swift; path = MapView.swift; sourceTree = "<group>"; };
/* End PBXFileReference section */

/* Begin PBXFrameworksBuildPhase section */
		06F17D6D2A6E5D0700C16F10 /* Frameworks */ = {
			isa = PBXFrameworksBuildPhase;
			buildActionMask = 2147483647;
			files = (
			);
			runOnlyForDeploymentPostprocessing = 0;
		};
		06F17D822A6E5D0D00C16F10 /* Frameworks */ = {
			isa = PBXFrameworksBuildPhase;
			buildActionMask = 2147483647;
			files = (
			);
			runOnlyForDeploymentPostprocessing = 0;
		};
		06F17D8C2A6E5D0D00C16F10 /* Frameworks */ = {
			isa = PBXFrameworksBuildPhase;
			buildActionMask = 2147483647;
			files = (
			);
			runOnlyForDeploymentPostprocessing = 0;
		};
/* End PBXFrameworksBuildPhase section */

/* Begin PBXGroup section */
		061E6B742A789D7500A120B2 /* Categories */ = {
			isa = PBXGroup;
			children = (
				061E6B752A789D9D00A120B2 /* CategoryHome.swift */,
				061E6B772A79472400A120B2 /* CategoryRow.swift */,
				061E6B792A7A1ACC00A120B2 /* CategoryItem.swift */,
			);
			path = Categories;
			sourceTree = "<group>";
		};
		065783FA2A6F868E00649847 /* Models */ = {
			isa = PBXGroup;
			children = (
				065783FB2A6F86B200649847 /* Landmark.swift */,
				065783FD2A6F8D4700649847 /* Data.swift */,
				065784202A700FF400649847 /* UserData.swift */,
				06012B512A7406D80035D840 /* Hike.swift */,
			);
			path = Models;
			sourceTree = "<group>";
		};
		0657841F2A6FB33900649847 /* Resources */ = {
			isa = PBXGroup;
			children = (
				06F17DA22A6E5F6600C16F10 /* turtlerock@2x.jpg */,
				0657840A2A6FB31C00649847 /* charleyrivers.jpg */,
				065784032A6FB31900649847 /* chilkoottrail.jpg */,
				065784072A6FB31B00649847 /* chincoteague.jpg */,
				065784102A6FB31E00649847 /* hiddenlake.jpg */,
				065784082A6FB31B00649847 /* hikeData.json */,
				065784092A6FB31B00649847 /* icybay.jpg */,
				0657840E2A6FB31D00649847 /* lakemcdonald.jpg */,
				0657840B2A6FB31C00649847 /* landmarkData.json */,
				065784062A6FB31A00649847 /* rainbowlake.jpg */,
				065784052A6FB31A00649847 /* silversalmoncreek.jpg */,
				0657840D2A6FB31D00649847 /* stmarylake.jpg */,
				065784042A6FB31A00649847 /* turtlerock.jpg */,
				0657840C2A6FB31C00649847 /* twinlake.jpg */,
				0657840F2A6FB31D00649847 /* umbagog.jpg */,
			);
			path = Resources;
			sourceTree = "<group>";
		};
		069380682A77B66500F7170F /* Badges */ = {
			isa = PBXGroup;
			children = (
				066B31E72A70FB8800274FA4 /* BadgeBackground.swift */,
				066B31E92A70FE0100274FA4 /* HexagonParameters.swift */,
				062842C32A716B02005B83BD /* BadgeSymbol.swift */,
				0617393D2A72A53100429AF8 /* RotateBadgeSymbol.swift */,
				062423E02A73F3D90091E041 /* Badge.swift */,
			);
			path = Badges;
			sourceTree = "<group>";
		};
		069380692A77B69100F7170F /* Helpers */ = {
			isa = PBXGroup;
			children = (
				06F17DA42A6E5FC600C16F10 /* CircleImage.swift */,
				06F17DA62A6E617400C16F10 /* MapView.swift */,
			);
			path = Helpers;
			sourceTree = "<group>";
		};
		0693806A2A77B6A500F7170F /* Hikes */ = {
			isa = PBXGroup;
			children = (
				06012B532A75409B0035D840 /* GraphCapsule.swift */,
				06012B552A7542610035D840 /* HikeGraph.swift */,
				069380642A77A68700F7170F /* HikeDetail.swift */,
				069380662A77B02900F7170F /* HikeView.swift */,
				068FC2382A7E852100AF075B /* HikeBudge.swift */,
			);
			path = Hikes;
			sourceTree = "<group>";
		};
		0693806B2A77B6E300F7170F /* Landmarks */ = {
			isa = PBXGroup;
			children = (
				06F17D752A6E5D0700C16F10 /* LandmarkDetail.swift */,
				065783FF2A6FA45600649847 /* LandmarkRow.swift */,
				065784012A6FA87900649847 /* LandmarkList.swift */,
			);
			path = Landmarks;
			sourceTree = "<group>";
		};
		0698740A2A7BF57900E2DF4A /* Profiles */ = {
			isa = PBXGroup;
			children = (
				0698740B2A7BF5A900E2DF4A /* Profile.swift */,
				0698740D2A7BF7AB00E2DF4A /* ProfileHost.swift */,
				068FC2362A7E6EC900AF075B /* ProfileSummary.swift */,
				068FC23A2A80645800AF075B /* ProfileEditor.swift */,
			);
			path = Profiles;
			sourceTree = "<group>";
		};
		06F17D672A6E5D0700C16F10 = {
			isa = PBXGroup;
			children = (
				0657841F2A6FB33900649847 /* Resources */,
				06F17D722A6E5D0700C16F10 /* Lamdmarks */,
				06F17D882A6E5D0D00C16F10 /* LamdmarksTests */,
				06F17D922A6E5D0D00C16F10 /* LamdmarksUITests */,
				06F17D712A6E5D0700C16F10 /* Products */,
			);
			sourceTree = "<group>";
		};
		06F17D712A6E5D0700C16F10 /* Products */ = {
			isa = PBXGroup;
			children = (
				06F17D702A6E5D0700C16F10 /* Lamdmarks.app */,
				06F17D852A6E5D0D00C16F10 /* LamdmarksTests.xctest */,
				06F17D8F2A6E5D0D00C16F10 /* LamdmarksUITests.xctest */,
			);
			name = Products;
			sourceTree = "<group>";
		};
		06F17D722A6E5D0700C16F10 /* Lamdmarks */ = {
			isa = PBXGroup;
			children = (
				0698740A2A7BF57900E2DF4A /* Profiles */,
				061E6B742A789D7500A120B2 /* Categories */,
				0693806B2A77B6E300F7170F /* Landmarks */,
				0693806A2A77B6A500F7170F /* Hikes */,
				069380692A77B69100F7170F /* Helpers */,
				069380682A77B66500F7170F /* Badges */,
				065783FA2A6F868E00649847 /* Models */,
				06F17D732A6E5D0700C16F10 /* LamdmarksApp.swift */,
				06F17D772A6E5D0B00C16F10 /* Assets.xcassets */,
				06F17D7C2A6E5D0C00C16F10 /* Persistence.swift */,
				06F17D7E2A6E5D0C00C16F10 /* Lamdmarks.xcdatamodeld */,
				06F17D792A6E5D0B00C16F10 /* Preview Content */,
				061E6B7B2A7B2C5F00A120B2 /* ContentView.swift */,
			);
			path = Lamdmarks;
			sourceTree = "<group>";
		};
		06F17D792A6E5D0B00C16F10 /* Preview Content */ = {
			isa = PBXGroup;
			children = (
				06F17D7A2A6E5D0B00C16F10 /* Preview Assets.xcassets */,
			);
			path = "Preview Content";
			sourceTree = "<group>";
		};
		06F17D882A6E5D0D00C16F10 /* LamdmarksTests */ = {
			isa = PBXGroup;
			children = (
				06F17D892A6E5D0D00C16F10 /* LamdmarksTests.swift */,
			);
			path = LamdmarksTests;
			sourceTree = "<group>";
		};
		06F17D922A6E5D0D00C16F10 /* LamdmarksUITests */ = {
			isa = PBXGroup;
			children = (
				06F17D932A6E5D0D00C16F10 /* LamdmarksUITests.swift */,
				06F17D952A6E5D0D00C16F10 /* LamdmarksUITestsLaunchTests.swift */,
			);
			path = LamdmarksUITests;
			sourceTree = "<group>";
		};
/* End PBXGroup section */

/* Begin PBXNativeTarget section */
		06F17D6F2A6E5D0700C16F10 /* Lamdmarks */ = {
			isa = PBXNativeTarget;
			buildConfigurationList = 06F17D992A6E5D0D00C16F10 /* Build configuration list for PBXNativeTarget "Lamdmarks" */;
			buildPhases = (
				06F17D6C2A6E5D0700C16F10 /* Sources */,
				06F17D6D2A6E5D0700C16F10 /* Frameworks */,
				06F17D6E2A6E5D0700C16F10 /* Resources */,
			);
			buildRules = (
			);
			dependencies = (
			);
			name = Lamdmarks;
			productName = Lamdmarks;
			productReference = 06F17D702A6E5D0700C16F10 /* Lamdmarks.app */;
			productType = "com.apple.product-type.application";
		};
		06F17D842A6E5D0D00C16F10 /* LamdmarksTests */ = {
			isa = PBXNativeTarget;
			buildConfigurationList = 06F17D9C2A6E5D0D00C16F10 /* Build configuration list for PBXNativeTarget "LamdmarksTests" */;
			buildPhases = (
				06F17D812A6E5D0D00C16F10 /* Sources */,
				06F17D822A6E5D0D00C16F10 /* Frameworks */,
				06F17D832A6E5D0D00C16F10 /* Resources */,
			);
			buildRules = (
			);
			dependencies = (
				06F17D872A6E5D0D00C16F10 /* PBXTargetDependency */,
			);
			name = LamdmarksTests;
			productName = LamdmarksTests;
			productReference = 06F17D852A6E5D0D00C16F10 /* LamdmarksTests.xctest */;
			productType = "com.apple.product-type.bundle.unit-test";
		};
		06F17D8E2A6E5D0D00C16F10 /* LamdmarksUITests */ = {
			isa = PBXNativeTarget;
			buildConfigurationList = 06F17D9F2A6E5D0D00C16F10 /* Build configuration list for PBXNativeTarget "LamdmarksUITests" */;
			buildPhases = (
				06F17D8B2A6E5D0D00C16F10 /* Sources */,
				06F17D8C2A6E5D0D00C16F10 /* Frameworks */,
				06F17D8D2A6E5D0D00C16F10 /* Resources */,
			);
			buildRules = (
			);
			dependencies = (
				06F17D912A6E5D0D00C16F10 /* PBXTargetDependency */,
			);
			name = LamdmarksUITests;
			productName = LamdmarksUITests;
			productReference = 06F17D8F2A6E5D0D00C16F10 /* LamdmarksUITests.xctest */;
			productType = "com.apple.product-type.bundle.ui-testing";
		};
/* End PBXNativeTarget section */

/* Begin PBXProject section */
		06F17D682A6E5D0700C16F10 /* Project object */ = {
			isa = PBXProject;
			attributes = {
				BuildIndependentTargetsInParallel = 1;
				LastSwiftUpdateCheck = 1420;
				LastUpgradeCheck = 1420;
				TargetAttributes = {
					06F17D6F2A6E5D0700C16F10 = {
						CreatedOnToolsVersion = 14.2;
					};
					06F17D842A6E5D0D00C16F10 = {
						CreatedOnToolsVersion = 14.2;
						TestTargetID = 06F17D6F2A6E5D0700C16F10;
					};
					06F17D8E2A6E5D0D00C16F10 = {
						CreatedOnToolsVersion = 14.2;
						TestTargetID = 06F17D6F2A6E5D0700C16F10;
					};
				};
			};
			buildConfigurationList = 06F17D6B2A6E5D0700C16F10 /* Build configuration list for PBXProject "Lamdmarks" */;
			compatibilityVersion = "Xcode 14.0";
			developmentRegion = en;
			hasScannedForEncodings = 0;
			knownRegions = (
				en,
				Base,
			);
			mainGroup = 06F17D672A6E5D0700C16F10;
			productRefGroup = 06F17D712A6E5D0700C16F10 /* Products */;
			projectDirPath = "";
			projectRoot = "";
			targets = (
				06F17D6F2A6E5D0700C16F10 /* Lamdmarks */,
				06F17D842A6E5D0D00C16F10 /* LamdmarksTests */,
				06F17D8E2A6E5D0D00C16F10 /* LamdmarksUITests */,
			);
		};
/* End PBXProject section */

/* Begin PBXResourcesBuildPhase section */
		06F17D6E2A6E5D0700C16F10 /* Resources */ = {
			isa = PBXResourcesBuildPhase;
			buildActionMask = 2147483647;
			files = (
				065784142A6FB31E00649847 /* rainbowlake.jpg in Resources */,
				06F17DA32A6E5F6700C16F10 /* turtlerock@2x.jpg in Resources */,
				065784112A6FB31E00649847 /* chilkoottrail.jpg in Resources */,
				06F17D7B2A6E5D0B00C16F10 /* Preview Assets.xcassets in Resources */,
				065784162A6FB31E00649847 /* hikeData.json in Resources */,
				065784192A6FB31E00649847 /* landmarkData.json in Resources */,
				0657841C2A6FB31E00649847 /* lakemcdonald.jpg in Resources */,
				0657841B2A6FB31E00649847 /* stmarylake.jpg in Resources */,
				065784132A6FB31E00649847 /* silversalmoncreek.jpg in Resources */,
				06F17D782A6E5D0B00C16F10 /* Assets.xcassets in Resources */,
				0657841E2A6FB31E00649847 /* hiddenlake.jpg in Resources */,
				065784182A6FB31E00649847 /* charleyrivers.jpg in Resources */,
				065784152A6FB31E00649847 /* chincoteague.jpg in Resources */,
				0657841D2A6FB31E00649847 /* umbagog.jpg in Resources */,
				065784172A6FB31E00649847 /* icybay.jpg in Resources */,
				0657841A2A6FB31E00649847 /* twinlake.jpg in Resources */,
				065784122A6FB31E00649847 /* turtlerock.jpg in Resources */,
			);
			runOnlyForDeploymentPostprocessing = 0;
		};
		06F17D832A6E5D0D00C16F10 /* Resources */ = {
			isa = PBXResourcesBuildPhase;
			buildActionMask = 2147483647;
			files = (
			);
			runOnlyForDeploymentPostprocessing = 0;
		};
		06F17D8D2A6E5D0D00C16F10 /* Resources */ = {
			isa = PBXResourcesBuildPhase;
			buildActionMask = 2147483647;
			files = (
			);
			runOnlyForDeploymentPostprocessing = 0;
		};
/* End PBXResourcesBuildPhase section */

/* Begin PBXSourcesBuildPhase section */
		06F17D6C2A6E5D0700C16F10 /* Sources */ = {
			isa = PBXSourcesBuildPhase;
			buildActionMask = 2147483647;
			files = (
				06012B522A7406D80035D840 /* Hike.swift in Sources */,
				061E6B7C2A7B2C5F00A120B2 /* ContentView.swift in Sources */,
				068FC23B2A80645800AF075B /* ProfileEditor.swift in Sources */,
				068FC2392A7E852200AF075B /* HikeBudge.swift in Sources */,
				068FC2372A7E6EC900AF075B /* ProfileSummary.swift in Sources */,
				062842C42A716B02005B83BD /* BadgeSymbol.swift in Sources */,
				0698740C2A7BF5A900E2DF4A /* Profile.swift in Sources */,
				065783FC2A6F86B200649847 /* Landmark.swift in Sources */,
				0617393E2A72A53100429AF8 /* RotateBadgeSymbol.swift in Sources */,
				0698740E2A7BF7AB00E2DF4A /* ProfileHost.swift in Sources */,
				061E6B762A789D9D00A120B2 /* CategoryHome.swift in Sources */,
				06012B562A7542610035D840 /* HikeGraph.swift in Sources */,
				061E6B782A79472400A120B2 /* CategoryRow.swift in Sources */,
				066B31E82A70FB8800274FA4 /* BadgeBackground.swift in Sources */,
				06F17D7D2A6E5D0C00C16F10 /* Persistence.swift in Sources */,
				06F17DA72A6E617400C16F10 /* MapView.swift in Sources */,
				061E6B7A2A7A1ACC00A120B2 /* CategoryItem.swift in Sources */,
				06F17D762A6E5D0700C16F10 /* LandmarkDetail.swift in Sources */,
				06F17D802A6E5D0C00C16F10 /* Lamdmarks.xcdatamodeld in Sources */,
				065784212A700FF400649847 /* UserData.swift in Sources */,
				062423E12A73F3D90091E041 /* Badge.swift in Sources */,
				06F17D742A6E5D0700C16F10 /* LamdmarksApp.swift in Sources */,
				06F17DA52A6E5FC600C16F10 /* CircleImage.swift in Sources */,
				066B31EA2A70FE0100274FA4 /* HexagonParameters.swift in Sources */,
				06012B542A75409B0035D840 /* GraphCapsule.swift in Sources */,
				069380672A77B02900F7170F /* HikeView.swift in Sources */,
				065783FE2A6F8D4700649847 /* Data.swift in Sources */,
				065784002A6FA45600649847 /* LandmarkRow.swift in Sources */,
				065784022A6FA87900649847 /* LandmarkList.swift in Sources */,
				069380652A77A68700F7170F /* HikeDetail.swift in Sources */,
			);
			runOnlyForDeploymentPostprocessing = 0;
		};
		06F17D812A6E5D0D00C16F10 /* Sources */ = {
			isa = PBXSourcesBuildPhase;
			buildActionMask = 2147483647;
			files = (
				06F17D8A2A6E5D0D00C16F10 /* LamdmarksTests.swift in Sources */,
			);
			runOnlyForDeploymentPostprocessing = 0;
		};
		06F17D8B2A6E5D0D00C16F10 /* Sources */ = {
			isa = PBXSourcesBuildPhase;
			buildActionMask = 2147483647;
			files = (
				06F17D942A6E5D0D00C16F10 /* LamdmarksUITests.swift in Sources */,
				06F17D962A6E5D0D00C16F10 /* LamdmarksUITestsLaunchTests.swift in Sources */,
			);
			runOnlyForDeploymentPostprocessing = 0;
		};
/* End PBXSourcesBuildPhase section */

/* Begin PBXTargetDependency section */
		06F17D872A6E5D0D00C16F10 /* PBXTargetDependency */ = {
			isa = PBXTargetDependency;
			target = 06F17D6F2A6E5D0700C16F10 /* Lamdmarks */;
			targetProxy = 06F17D862A6E5D0D00C16F10 /* PBXContainerItemProxy */;
		};
		06F17D912A6E5D0D00C16F10 /* PBXTargetDependency */ = {
			isa = PBXTargetDependency;
			target = 06F17D6F2A6E5D0700C16F10 /* Lamdmarks */;
			targetProxy = 06F17D902A6E5D0D00C16F10 /* PBXContainerItemProxy */;
		};
/* End PBXTargetDependency section */

/* Begin XCBuildConfiguration section */
		06F17D972A6E5D0D00C16F10 /* Debug */ = {
			isa = XCBuildConfiguration;
			buildSettings = {
				ALWAYS_SEARCH_USER_PATHS = NO;
				CLANG_ANALYZER_NONNULL = YES;
				CLANG_ANALYZER_NUMBER_OBJECT_CONVERSION = YES_AGGRESSIVE;
				CLANG_CXX_LANGUAGE_STANDARD = "gnu++20";
				CLANG_ENABLE_MODULES = YES;
				CLANG_ENABLE_OBJC_ARC = YES;
				CLANG_ENABLE_OBJC_WEAK = YES;
				CLANG_WARN_BLOCK_CAPTURE_AUTORELEASING = YES;
				CLANG_WARN_BOOL_CONVERSION = YES;
				CLANG_WARN_COMMA = YES;
				CLANG_WARN_CONSTANT_CONVERSION = YES;
				CLANG_WARN_DEPRECATED_OBJC_IMPLEMENTATIONS = YES;
				CLANG_WARN_DIRECT_OBJC_ISA_USAGE = YES_ERROR;
				CLANG_WARN_DOCUMENTATION_COMMENTS = YES;
				CLANG_WARN_EMPTY_BODY = YES;
				CLANG_WARN_ENUM_CONVERSION = YES;
				CLANG_WARN_INFINITE_RECURSION = YES;
				CLANG_WARN_INT_CONVERSION = YES;
				CLANG_WARN_NON_LITERAL_NULL_CONVERSION = YES;
				CLANG_WARN_OBJC_IMPLICIT_RETAIN_SELF = YES;
				CLANG_WARN_OBJC_LITERAL_CONVERSION = YES;
				CLANG_WARN_OBJC_ROOT_CLASS = YES_ERROR;
				CLANG_WARN_QUOTED_INCLUDE_IN_FRAMEWORK_HEADER = YES;
				CLANG_WARN_RANGE_LOOP_ANALYSIS = YES;
				CLANG_WARN_STRICT_PROTOTYPES = YES;
				CLANG_WARN_SUSPICIOUS_MOVE = YES;
				CLANG_WARN_UNGUARDED_AVAILABILITY = YES_AGGRESSIVE;
				CLANG_WARN_UNREACHABLE_CODE = YES;
				CLANG_WARN__DUPLICATE_METHOD_MATCH = YES;
				COPY_PHASE_STRIP = NO;
				DEBUG_INFORMATION_FORMAT = dwarf;
				ENABLE_STRICT_OBJC_MSGSEND = YES;
				ENABLE_TESTABILITY = YES;
				GCC_C_LANGUAGE_STANDARD = gnu11;
				GCC_DYNAMIC_NO_PIC = NO;
				GCC_NO_COMMON_BLOCKS = YES;
				GCC_OPTIMIZATION_LEVEL = 0;
				GCC_PREPROCESSOR_DEFINITIONS = (
					"DEBUG=1",
					"$(inherited)",
				);
				GCC_WARN_64_TO_32_BIT_CONVERSION = YES;
				GCC_WARN_ABOUT_RETURN_TYPE = YES_ERROR;
				GCC_WARN_UNDECLARED_SELECTOR = YES;
				GCC_WARN_UNINITIALIZED_AUTOS = YES_AGGRESSIVE;
				GCC_WARN_UNUSED_FUNCTION = YES;
				GCC_WARN_UNUSED_VARIABLE = YES;
				IPHONEOS_DEPLOYMENT_TARGET = 16.2;
				MTL_ENABLE_DEBUG_INFO = INCLUDE_SOURCE;
				MTL_FAST_MATH = YES;
				ONLY_ACTIVE_ARCH = YES;
				SDKROOT = iphoneos;
				SWIFT_ACTIVE_COMPILATION_CONDITIONS = DEBUG;
				SWIFT_OPTIMIZATION_LEVEL = "-Onone";
			};
			name = Debug;
		};
		06F17D982A6E5D0D00C16F10 /* Release */ = {
			isa = XCBuildConfiguration;
			buildSettings = {
				ALWAYS_SEARCH_USER_PATHS = NO;
				CLANG_ANALYZER_NONNULL = YES;
				CLANG_ANALYZER_NUMBER_OBJECT_CONVERSION = YES_AGGRESSIVE;
				CLANG_CXX_LANGUAGE_STANDARD = "gnu++20";
				CLANG_ENABLE_MODULES = YES;
				CLANG_ENABLE_OBJC_ARC = YES;
				CLANG_ENABLE_OBJC_WEAK = YES;
				CLANG_WARN_BLOCK_CAPTURE_AUTORELEASING = YES;
				CLANG_WARN_BOOL_CONVERSION = YES;
				CLANG_WARN_COMMA = YES;
				CLANG_WARN_CONSTANT_CONVERSION = YES;
				CLANG_WARN_DEPRECATED_OBJC_IMPLEMENTATIONS = YES;
				CLANG_WARN_DIRECT_OBJC_ISA_USAGE = YES_ERROR;
				CLANG_WARN_DOCUMENTATION_COMMENTS = YES;
				CLANG_WARN_EMPTY_BODY = YES;
				CLANG_WARN_ENUM_CONVERSION = YES;
				CLANG_WARN_INFINITE_RECURSION = YES;
				CLANG_WARN_INT_CONVERSION = YES;
				CLANG_WARN_NON_LITERAL_NULL_CONVERSION = YES;
				CLANG_WARN_OBJC_IMPLICIT_RETAIN_SELF = YES;
				CLANG_WARN_OBJC_LITERAL_CONVERSION = YES;
				CLANG_WARN_OBJC_ROOT_CLASS = YES_ERROR;
				CLANG_WARN_QUOTED_INCLUDE_IN_FRAMEWORK_HEADER = YES;
				CLANG_WARN_RANGE_LOOP_ANALYSIS = YES;
				CLANG_WARN_STRICT_PROTOTYPES = YES;
				CLANG_WARN_SUSPICIOUS_MOVE = YES;
				CLANG_WARN_UNGUARDED_AVAILABILITY = YES_AGGRESSIVE;
				CLANG_WARN_UNREACHABLE_CODE = YES;
				CLANG_WARN__DUPLICATE_METHOD_MATCH = YES;
				COPY_PHASE_STRIP = NO;
				DEBUG_INFORMATION_FORMAT = "dwarf-with-dsym";
				ENABLE_NS_ASSERTIONS = NO;
				ENABLE_STRICT_OBJC_MSGSEND = YES;
				GCC_C_LANGUAGE_STANDARD = gnu11;
				GCC_NO_COMMON_BLOCKS = YES;
				GCC_WARN_64_TO_32_BIT_CONVERSION = YES;
				GCC_WARN_ABOUT_RETURN_TYPE = YES_ERROR;
				GCC_WARN_UNDECLARED_SELECTOR = YES;
				GCC_WARN_UNINITIALIZED_AUTOS = YES_AGGRESSIVE;
				GCC_WARN_UNUSED_FUNCTION = YES;
				GCC_WARN_UNUSED_VARIABLE = YES;
				IPHONEOS_DEPLOYMENT_TARGET = 16.2;
				MTL_ENABLE_DEBUG_INFO = NO;
				MTL_FAST_MATH = YES;
				SDKROOT = iphoneos;
				SWIFT_COMPILATION_MODE = wholemodule;
				SWIFT_OPTIMIZATION_LEVEL = "-O";
				VALIDATE_PRODUCT = YES;
			};
			name = Release;
		};
		06F17D9A2A6E5D0D00C16F10 /* Debug */ = {
			isa = XCBuildConfiguration;
			buildSettings = {
				ASSETCATALOG_COMPILER_APPICON_NAME = AppIcon;
				ASSETCATALOG_COMPILER_GLOBAL_ACCENT_COLOR_NAME = AccentColor;
				CODE_SIGN_STYLE = Automatic;
				CURRENT_PROJECT_VERSION = 1;
				DEVELOPMENT_ASSET_PATHS = "\"Lamdmarks/Preview Content\"";
				ENABLE_PREVIEWS = YES;
				GENERATE_INFOPLIST_FILE = YES;
				INFOPLIST_KEY_UIApplicationSceneManifest_Generation = YES;
				INFOPLIST_KEY_UIApplicationSupportsIndirectInputEvents = YES;
				INFOPLIST_KEY_UILaunchScreen_Generation = YES;
				INFOPLIST_KEY_UISupportedInterfaceOrientations_iPad = "UIInterfaceOrientationPortrait UIInterfaceOrientationPortraitUpsideDown UIInterfaceOrientationLandscapeLeft UIInterfaceOrientationLandscapeRight";
				INFOPLIST_KEY_UISupportedInterfaceOrientations_iPhone = "UIInterfaceOrientationPortrait UIInterfaceOrientationLandscapeLeft UIInterfaceOrientationLandscapeRight";
				LD_RUNPATH_SEARCH_PATHS = (
					"$(inherited)",
					"@executable_path/Frameworks",
				);
				MARKETING_VERSION = 1.0;
				PRODUCT_BUNDLE_IDENTIFIER = jp.co.toda.Lamdmarks;
				PRODUCT_NAME = "$(TARGET_NAME)";
				SWIFT_EMIT_LOC_STRINGS = YES;
				SWIFT_VERSION = 5.0;
				TARGETED_DEVICE_FAMILY = "1,2";
			};
			name = Debug;
		};
		06F17D9B2A6E5D0D00C16F10 /* Release */ = {
			isa = XCBuildConfiguration;
			buildSettings = {
				ASSETCATALOG_COMPILER_APPICON_NAME = AppIcon;
				ASSETCATALOG_COMPILER_GLOBAL_ACCENT_COLOR_NAME = AccentColor;
				CODE_SIGN_STYLE = Automatic;
				CURRENT_PROJECT_VERSION = 1;
				DEVELOPMENT_ASSET_PATHS = "\"Lamdmarks/Preview Content\"";
				ENABLE_PREVIEWS = YES;
				GENERATE_INFOPLIST_FILE = YES;
				INFOPLIST_KEY_UIApplicationSceneManifest_Generation = YES;
				INFOPLIST_KEY_UIApplicationSupportsIndirectInputEvents = YES;
				INFOPLIST_KEY_UILaunchScreen_Generation = YES;
				INFOPLIST_KEY_UISupportedInterfaceOrientations_iPad = "UIInterfaceOrientationPortrait UIInterfaceOrientationPortraitUpsideDown UIInterfaceOrientationLandscapeLeft UIInterfaceOrientationLandscapeRight";
				INFOPLIST_KEY_UISupportedInterfaceOrientations_iPhone = "UIInterfaceOrientationPortrait UIInterfaceOrientationLandscapeLeft UIInterfaceOrientationLandscapeRight";
				LD_RUNPATH_SEARCH_PATHS = (
					"$(inherited)",
					"@executable_path/Frameworks",
				);
				MARKETING_VERSION = 1.0;
				PRODUCT_BUNDLE_IDENTIFIER = jp.co.toda.Lamdmarks;
				PRODUCT_NAME = "$(TARGET_NAME)";
				SWIFT_EMIT_LOC_STRINGS = YES;
				SWIFT_VERSION = 5.0;
				TARGETED_DEVICE_FAMILY = "1,2";
			};
			name = Release;
		};
		06F17D9D2A6E5D0D00C16F10 /* Debug */ = {
			isa = XCBuildConfiguration;
			buildSettings = {
				ALWAYS_EMBED_SWIFT_STANDARD_LIBRARIES = YES;
				BUNDLE_LOADER = "$(TEST_HOST)";
				CODE_SIGN_STYLE = Automatic;
				CURRENT_PROJECT_VERSION = 1;
				GENERATE_INFOPLIST_FILE = YES;
				IPHONEOS_DEPLOYMENT_TARGET = 16.2;
				MARKETING_VERSION = 1.0;
				PRODUCT_BUNDLE_IDENTIFIER = jp.co.toda.LamdmarksTests;
				PRODUCT_NAME = "$(TARGET_NAME)";
				SWIFT_EMIT_LOC_STRINGS = NO;
				SWIFT_VERSION = 5.0;
				TARGETED_DEVICE_FAMILY = "1,2";
				TEST_HOST = "$(BUILT_PRODUCTS_DIR)/Lamdmarks.app/$(BUNDLE_EXECUTABLE_FOLDER_PATH)/Lamdmarks";
			};
			name = Debug;
		};
		06F17D9E2A6E5D0D00C16F10 /* Release */ = {
			isa = XCBuildConfiguration;
			buildSettings = {
				ALWAYS_EMBED_SWIFT_STANDARD_LIBRARIES = YES;
				BUNDLE_LOADER = "$(TEST_HOST)";
				CODE_SIGN_STYLE = Automatic;
				CURRENT_PROJECT_VERSION = 1;
				GENERATE_INFOPLIST_FILE = YES;
				IPHONEOS_DEPLOYMENT_TARGET = 16.2;
				MARKETING_VERSION = 1.0;
				PRODUCT_BUNDLE_IDENTIFIER = jp.co.toda.LamdmarksTests;
				PRODUCT_NAME = "$(TARGET_NAME)";
				SWIFT_EMIT_LOC_STRINGS = NO;
				SWIFT_VERSION = 5.0;
				TARGETED_DEVICE_FAMILY = "1,2";
				TEST_HOST = "$(BUILT_PRODUCTS_DIR)/Lamdmarks.app/$(BUNDLE_EXECUTABLE_FOLDER_PATH)/Lamdmarks";
			};
			name = Release;
		};
		06F17DA02A6E5D0D00C16F10 /* Debug */ = {
			isa = XCBuildConfiguration;
			buildSettings = {
				ALWAYS_EMBED_SWIFT_STANDARD_LIBRARIES = YES;
				CODE_SIGN_STYLE = Automatic;
				CURRENT_PROJECT_VERSION = 1;
				GENERATE_INFOPLIST_FILE = YES;
				MARKETING_VERSION = 1.0;
				PRODUCT_BUNDLE_IDENTIFIER = jp.co.toda.LamdmarksUITests;
				PRODUCT_NAME = "$(TARGET_NAME)";
				SWIFT_EMIT_LOC_STRINGS = NO;
				SWIFT_VERSION = 5.0;
				TARGETED_DEVICE_FAMILY = "1,2";
				TEST_TARGET_NAME = Lamdmarks;
			};
			name = Debug;
		};
		06F17DA12A6E5D0D00C16F10 /* Release */ = {
			isa = XCBuildConfiguration;
			buildSettings = {
				ALWAYS_EMBED_SWIFT_STANDARD_LIBRARIES = YES;
				CODE_SIGN_STYLE = Automatic;
				CURRENT_PROJECT_VERSION = 1;
				GENERATE_INFOPLIST_FILE = YES;
				MARKETING_VERSION = 1.0;
				PRODUCT_BUNDLE_IDENTIFIER = jp.co.toda.LamdmarksUITests;
				PRODUCT_NAME = "$(TARGET_NAME)";
				SWIFT_EMIT_LOC_STRINGS = NO;
				SWIFT_VERSION = 5.0;
				TARGETED_DEVICE_FAMILY = "1,2";
				TEST_TARGET_NAME = Lamdmarks;
			};
			name = Release;
		};
/* End XCBuildConfiguration section */

/* Begin XCConfigurationList section */
		06F17D6B2A6E5D0700C16F10 /* Build configuration list for PBXProject "Lamdmarks" */ = {
			isa = XCConfigurationList;
			buildConfigurations = (
				06F17D972A6E5D0D00C16F10 /* Debug */,
				06F17D982A6E5D0D00C16F10 /* Release */,
			);
			defaultConfigurationIsVisible = 0;
			defaultConfigurationName = Release;
		};
		06F17D992A6E5D0D00C16F10 /* Build configuration list for PBXNativeTarget "Lamdmarks" */ = {
			isa = XCConfigurationList;
			buildConfigurations = (
				06F17D9A2A6E5D0D00C16F10 /* Debug */,
				06F17D9B2A6E5D0D00C16F10 /* Release */,
			);
			defaultConfigurationIsVisible = 0;
			defaultConfigurationName = Release;
		};
		06F17D9C2A6E5D0D00C16F10 /* Build configuration list for PBXNativeTarget "LamdmarksTests" */ = {
			isa = XCConfigurationList;
			buildConfigurations = (
				06F17D9D2A6E5D0D00C16F10 /* Debug */,
				06F17D9E2A6E5D0D00C16F10 /* Release */,
			);
			defaultConfigurationIsVisible = 0;
			defaultConfigurationName = Release;
		};
		06F17D9F2A6E5D0D00C16F10 /* Build configuration list for PBXNativeTarget "LamdmarksUITests" */ = {
			isa = XCConfigurationList;
			buildConfigurations = (
				06F17DA02A6E5D0D00C16F10 /* Debug */,
				06F17DA12A6E5D0D00C16F10 /* Release */,
			);
			defaultConfigurationIsVisible = 0;
			defaultConfigurationName = Release;
		};
/* End XCConfigurationList section */

/* Begin XCVersionGroup section */
		06F17D7E2A6E5D0C00C16F10 /* Lamdmarks.xcdatamodeld */ = {
			isa = XCVersionGroup;
			children = (
				06F17D7F2A6E5D0C00C16F10 /* Lamdmarks.xcdatamodel */,
			);
			currentVersion = 06F17D7F2A6E5D0C00C16F10 /* Lamdmarks.xcdatamodel */;
			path = Lamdmarks.xcdatamodeld;
			sourceTree = "<group>";
			versionGroupType = wrapper.xcdatamodel;
		};
/* End XCVersionGroup section */
	};
	rootObject = 06F17D682A6E5D0700C16F10 /* Project object */;
}
